// !$*UTF8*$!
{
	archiveVersion = 1;
	classes = {
	};
	objectVersion = 50;
	objects = {

/* Begin PBXBuildFile section */
		5209D88E213C302E008F080B /* AppDelegate.swift in Sources */ = {isa = PBXBuildFile; fileRef = 5209D88D213C302E008F080B /* AppDelegate.swift */; };
		5209D890213C302E008F080B /* SearchRecipeViewController.swift in Sources */ = {isa = PBXBuildFile; fileRef = 5209D88F213C302E008F080B /* SearchRecipeViewController.swift */; };
		5209D893213C302E008F080B /* Main.storyboard in Resources */ = {isa = PBXBuildFile; fileRef = 5209D891213C302E008F080B /* Main.storyboard */; };
		5209D896213C302E008F080B /* RecipeSearch.xcdatamodeld in Sources */ = {isa = PBXBuildFile; fileRef = 5209D894213C302E008F080B /* RecipeSearch.xcdatamodeld */; };
		5209D898213C3030008F080B /* Assets.xcassets in Resources */ = {isa = PBXBuildFile; fileRef = 5209D897213C3030008F080B /* Assets.xcassets */; };
		5209D89B213C3030008F080B /* LaunchScreen.storyboard in Resources */ = {isa = PBXBuildFile; fileRef = 5209D899213C3030008F080B /* LaunchScreen.storyboard */; };
		5210CE3A2143D75300C10491 /* RecipeSearchClient.swift in Sources */ = {isa = PBXBuildFile; fileRef = 5210CE392143D75300C10491 /* RecipeSearchClient.swift */; };
		5210CE3C2143D7B000C10491 /* RecipeSearchConstants.swift in Sources */ = {isa = PBXBuildFile; fileRef = 5210CE3B2143D7B000C10491 /* RecipeSearchConstants.swift */; };
		5274B3D3217361F00091EA25 /* RecipeSearchConvenience.swift in Sources */ = {isa = PBXBuildFile; fileRef = 5274B3D2217361F00091EA25 /* RecipeSearchConvenience.swift */; };
		F956EF76217B1E62009E7B24 /* RecipeSearchCollectionView.swift in Sources */ = {isa = PBXBuildFile; fileRef = F956EF75217B1E62009E7B24 /* RecipeSearchCollectionView.swift */; };
		F956EF78217DF8B2009E7B24 /* RecipeCollectionViewCell.swift in Sources */ = {isa = PBXBuildFile; fileRef = F956EF77217DF8B2009E7B24 /* RecipeCollectionViewCell.swift */; };
		F959C3552174BA5E00FB1D24 /* RecipeSearchHit.swift in Sources */ = {isa = PBXBuildFile; fileRef = F959C3542174BA5E00FB1D24 /* RecipeSearchHit.swift */; };
		F959C3572179C23800FB1D24 /* GCDBlackBox.swift in Sources */ = {isa = PBXBuildFile; fileRef = F959C3562179C23800FB1D24 /* GCDBlackBox.swift */; };
/* End PBXBuildFile section */

/* Begin PBXFileReference section */
		5209D88A213C302E008F080B /* RecipeSearch.app */ = {isa = PBXFileReference; explicitFileType = wrapper.application; includeInIndex = 0; path = RecipeSearch.app; sourceTree = BUILT_PRODUCTS_DIR; };
		5209D88D213C302E008F080B /* AppDelegate.swift */ = {isa = PBXFileReference; lastKnownFileType = sourcecode.swift; path = AppDelegate.swift; sourceTree = "<group>"; };
		5209D88F213C302E008F080B /* SearchRecipeViewController.swift */ = {isa = PBXFileReference; lastKnownFileType = sourcecode.swift; path = SearchRecipeViewController.swift; sourceTree = "<group>"; };
		5209D892213C302E008F080B /* Base */ = {isa = PBXFileReference; lastKnownFileType = file.storyboard; name = Base; path = Base.lproj/Main.storyboard; sourceTree = "<group>"; };
		5209D895213C302E008F080B /* RecipeSearch.xcdatamodel */ = {isa = PBXFileReference; lastKnownFileType = wrapper.xcdatamodel; path = RecipeSearch.xcdatamodel; sourceTree = "<group>"; };
		5209D897213C3030008F080B /* Assets.xcassets */ = {isa = PBXFileReference; lastKnownFileType = folder.assetcatalog; path = Assets.xcassets; sourceTree = "<group>"; };
		5209D89A213C3030008F080B /* Base */ = {isa = PBXFileReference; lastKnownFileType = file.storyboard; name = Base; path = Base.lproj/LaunchScreen.storyboard; sourceTree = "<group>"; };
		5209D89C213C3030008F080B /* Info.plist */ = {isa = PBXFileReference; lastKnownFileType = text.plist.xml; path = Info.plist; sourceTree = "<group>"; };
		5210CE392143D75300C10491 /* RecipeSearchClient.swift */ = {isa = PBXFileReference; lastKnownFileType = sourcecode.swift; path = RecipeSearchClient.swift; sourceTree = "<group>"; };
		5210CE3B2143D7B000C10491 /* RecipeSearchConstants.swift */ = {isa = PBXFileReference; lastKnownFileType = sourcecode.swift; path = RecipeSearchConstants.swift; sourceTree = "<group>"; };
		5274B3D2217361F00091EA25 /* RecipeSearchConvenience.swift */ = {isa = PBXFileReference; lastKnownFileType = sourcecode.swift; path = RecipeSearchConvenience.swift; sourceTree = "<group>"; };
		F956EF75217B1E62009E7B24 /* RecipeSearchCollectionView.swift */ = {isa = PBXFileReference; lastKnownFileType = sourcecode.swift; path = RecipeSearchCollectionView.swift; sourceTree = "<group>"; };
		F956EF77217DF8B2009E7B24 /* RecipeCollectionViewCell.swift */ = {isa = PBXFileReference; lastKnownFileType = sourcecode.swift; path = RecipeCollectionViewCell.swift; sourceTree = "<group>"; };
		F959C3542174BA5E00FB1D24 /* RecipeSearchHit.swift */ = {isa = PBXFileReference; lastKnownFileType = sourcecode.swift; path = RecipeSearchHit.swift; sourceTree = "<group>"; };
		F959C3562179C23800FB1D24 /* GCDBlackBox.swift */ = {isa = PBXFileReference; lastKnownFileType = sourcecode.swift; path = GCDBlackBox.swift; sourceTree = "<group>"; };
/* End PBXFileReference section */

/* Begin PBXFrameworksBuildPhase section */
		5209D887213C302D008F080B /* Frameworks */ = {
			isa = PBXFrameworksBuildPhase;
			buildActionMask = 2147483647;
			files = (
			);
			runOnlyForDeploymentPostprocessing = 0;
		};
/* End PBXFrameworksBuildPhase section */

/* Begin PBXGroup section */
		5209D881213C302D008F080B = {
			isa = PBXGroup;
			children = (
				5209D88C213C302E008F080B /* RecipeSearch */,
				5209D88B213C302E008F080B /* Products */,
			);
			sourceTree = "<group>";
		};
		5209D88B213C302E008F080B /* Products */ = {
			isa = PBXGroup;
			children = (
				5209D88A213C302E008F080B /* RecipeSearch.app */,
			);
			name = Products;
			sourceTree = "<group>";
		};
		5209D88C213C302E008F080B /* RecipeSearch */ = {
			isa = PBXGroup;
			children = (
				5210CE372143D72500C10491 /* Model */,
				5209D88D213C302E008F080B /* AppDelegate.swift */,
				5209D88F213C302E008F080B /* SearchRecipeViewController.swift */,
				5209D891213C302E008F080B /* Main.storyboard */,
				5209D897213C3030008F080B /* Assets.xcassets */,
				5209D899213C3030008F080B /* LaunchScreen.storyboard */,
				5209D89C213C3030008F080B /* Info.plist */,
				5209D894213C302E008F080B /* RecipeSearch.xcdatamodeld */,
				F959C3562179C23800FB1D24 /* GCDBlackBox.swift */,
				F956EF75217B1E62009E7B24 /* RecipeSearchCollectionView.swift */,
				F956EF77217DF8B2009E7B24 /* RecipeCollectionViewCell.swift */,
			);
			path = RecipeSearch;
			sourceTree = "<group>";
		};
		5210CE372143D72500C10491 /* Model */ = {
			isa = PBXGroup;
			children = (
				5210CE382143D72900C10491 /* Clients */,
			);
			path = Model;
			sourceTree = "<group>";
		};
		5210CE382143D72900C10491 /* Clients */ = {
			isa = PBXGroup;
			children = (
				5210CE392143D75300C10491 /* RecipeSearchClient.swift */,
				5210CE3B2143D7B000C10491 /* RecipeSearchConstants.swift */,
				5274B3D2217361F00091EA25 /* RecipeSearchConvenience.swift */,
				F959C3542174BA5E00FB1D24 /* RecipeSearchHit.swift */,
			);
			path = Clients;
			sourceTree = "<group>";
		};
/* End PBXGroup section */

/* Begin PBXNativeTarget section */
		5209D889213C302D008F080B /* RecipeSearch */ = {
			isa = PBXNativeTarget;
			buildConfigurationList = 5209D89F213C3030008F080B /* Build configuration list for PBXNativeTarget "RecipeSearch" */;
			buildPhases = (
				5209D886213C302D008F080B /* Sources */,
				5209D887213C302D008F080B /* Frameworks */,
				5209D888213C302D008F080B /* Resources */,
			);
			buildRules = (
			);
			dependencies = (
			);
			name = RecipeSearch;
			productName = RecipeSearch;
			productReference = 5209D88A213C302E008F080B /* RecipeSearch.app */;
			productType = "com.apple.product-type.application";
		};
/* End PBXNativeTarget section */

/* Begin PBXProject section */
		5209D882213C302D008F080B /* Project object */ = {
			isa = PBXProject;
			attributes = {
				LastSwiftUpdateCheck = 0940;
				LastUpgradeCheck = 0940;
				ORGANIZATIONNAME = Ziv;
				TargetAttributes = {
					5209D889213C302D008F080B = {
						CreatedOnToolsVersion = 9.4.1;
					};
				};
			};
			buildConfigurationList = 5209D885213C302D008F080B /* Build configuration list for PBXProject "RecipeSearch" */;
			compatibilityVersion = "Xcode 9.3";
			developmentRegion = en;
			hasScannedForEncodings = 0;
			knownRegions = (
				en,
				Base,
			);
			mainGroup = 5209D881213C302D008F080B;
			productRefGroup = 5209D88B213C302E008F080B /* Products */;
			projectDirPath = "";
			projectRoot = "";
			targets = (
				5209D889213C302D008F080B /* RecipeSearch */,
			);
		};
/* End PBXProject section */

/* Begin PBXResourcesBuildPhase section */
		5209D888213C302D008F080B /* Resources */ = {
			isa = PBXResourcesBuildPhase;
			buildActionMask = 2147483647;
			files = (
				5209D89B213C3030008F080B /* LaunchScreen.storyboard in Resources */,
				5209D898213C3030008F080B /* Assets.xcassets in Resources */,
				5209D893213C302E008F080B /* Main.storyboard in Resources */,
			);
			runOnlyForDeploymentPostprocessing = 0;
		};
/* End PBXResourcesBuildPhase section */

/* Begin PBXSourcesBuildPhase section */
		5209D886213C302D008F080B /* Sources */ = {
			isa = PBXSourcesBuildPhase;
			buildActionMask = 2147483647;
			files = (
				F959C3572179C23800FB1D24 /* GCDBlackBox.swift in Sources */,
				F959C3552174BA5E00FB1D24 /* RecipeSearchHit.swift in Sources */,
				F956EF78217DF8B2009E7B24 /* RecipeCollectionViewCell.swift in Sources */,
				5210CE3A2143D75300C10491 /* RecipeSearchClient.swift in Sources */,
				5210CE3C2143D7B000C10491 /* RecipeSearchConstants.swift in Sources */,
				5209D896213C302E008F080B /* RecipeSearch.xcdatamodeld in Sources */,
				F956EF76217B1E62009E7B24 /* RecipeSearchCollectionView.swift in Sources */,
				5274B3D3217361F00091EA25 /* RecipeSearchConvenience.swift in Sources */,
				5209D890213C302E008F080B /* SearchRecipeViewController.swift in Sources */,
				5209D88E213C302E008F080B /* AppDelegate.swift in Sources */,
			);
			runOnlyForDeploymentPostprocessing = 0;
		};
/* End PBXSourcesBuildPhase section */

/* Begin PBXVariantGroup section */
		5209D891213C302E008F080B /* Main.storyboard */ = {
			isa = PBXVariantGroup;
			children = (
				5209D892213C302E008F080B /* Base */,
			);
			name = Main.storyboard;
			sourceTree = "<group>";
		};
		5209D899213C3030008F080B /* LaunchScreen.storyboard */ = {
			isa = PBXVariantGroup;
			children = (
				5209D89A213C3030008F080B /* Base */,
			);
			name = LaunchScreen.storyboard;
			sourceTree = "<group>";
		};
/* End PBXVariantGroup section */

/* Begin XCBuildConfiguration section */
		5209D89D213C3030008F080B /* Debug */ = {
			isa = XCBuildConfiguration;
			buildSettings = {
				ALWAYS_SEARCH_USER_PATHS = NO;
				CLANG_ANALYZER_NONNULL = YES;
				CLANG_ANALYZER_NUMBER_OBJECT_CONVERSION = YES_AGGRESSIVE;
				CLANG_CXX_LANGUAGE_STANDARD = "gnu++14";
				CLANG_CXX_LIBRARY = "libc++";
				CLANG_ENABLE_MODULES = YES;
				CLANG_ENABLE_OBJC_ARC = YES;
				CLANG_ENABLE_OBJC_WEAK = YES;
				CLANG_WARN_BLOCK_CAPTURE_AUTORELEASING = YES;
				CLANG_WARN_BOOL_CONVERSION = YES;
				CLANG_WARN_COMMA = YES;
				CLANG_WARN_CONSTANT_CONVERSION = YES;
				CLANG_WARN_DEPRECATED_OBJC_IMPLEMENTATIONS = YES;
				CLANG_WARN_DIRECT_OBJC_ISA_USAGE = YES_ERROR;
				CLANG_WARN_DOCUMENTATION_COMMENTS = YES;
				CLANG_WARN_EMPTY_BODY = YES;
				CLANG_WARN_ENUM_CONVERSION = YES;
				CLANG_WARN_INFINITE_RECURSION = YES;
				CLANG_WARN_INT_CONVERSION = YES;
				CLANG_WARN_NON_LITERAL_NULL_CONVERSION = YES;
				CLANG_WARN_OBJC_IMPLICIT_RETAIN_SELF = YES;
				CLANG_WARN_OBJC_LITERAL_CONVERSION = YES;
				CLANG_WARN_OBJC_ROOT_CLASS = YES_ERROR;
				CLANG_WARN_RANGE_LOOP_ANALYSIS = YES;
				CLANG_WARN_STRICT_PROTOTYPES = YES;
				CLANG_WARN_SUSPICIOUS_MOVE = YES;
				CLANG_WARN_UNGUARDED_AVAILABILITY = YES_AGGRESSIVE;
				CLANG_WARN_UNREACHABLE_CODE = YES;
				CLANG_WARN__DUPLICATE_METHOD_MATCH = YES;
				CODE_SIGN_IDENTITY = "iPhone Developer";
				COPY_PHASE_STRIP = NO;
				DEBUG_INFORMATION_FORMAT = dwarf;
				ENABLE_STRICT_OBJC_MSGSEND = YES;
				ENABLE_TESTABILITY = YES;
				GCC_C_LANGUAGE_STANDARD = gnu11;
				GCC_DYNAMIC_NO_PIC = NO;
				GCC_NO_COMMON_BLOCKS = YES;
				GCC_OPTIMIZATION_LEVEL = 0;
				GCC_PREPROCESSOR_DEFINITIONS = (
					"DEBUG=1",
					"$(inherited)",
				);
				GCC_WARN_64_TO_32_BIT_CONVERSION = YES;
				GCC_WARN_ABOUT_RETURN_TYPE = YES_ERROR;
				GCC_WARN_UNDECLARED_SELECTOR = YES;
				GCC_WARN_UNINITIALIZED_AUTOS = YES_AGGRESSIVE;
				GCC_WARN_UNUSED_FUNCTION = YES;
				GCC_WARN_UNUSED_VARIABLE = YES;
				IPHONEOS_DEPLOYMENT_TARGET = 11.4;
				MTL_ENABLE_DEBUG_INFO = YES;
				ONLY_ACTIVE_ARCH = YES;
				SDKROOT = iphoneos;
				SWIFT_ACTIVE_COMPILATION_CONDITIONS = DEBUG;
				SWIFT_OPTIMIZATION_LEVEL = "-Onone";
			};
			name = Debug;
		};
		5209D89E213C3030008F080B /* Release */ = {
			isa = XCBuildConfiguration;
			buildSettings = {
				ALWAYS_SEARCH_USER_PATHS = NO;
				CLANG_ANALYZER_NONNULL = YES;
				CLANG_ANALYZER_NUMBER_OBJECT_CONVERSION = YES_AGGRESSIVE;
				CLANG_CXX_LANGUAGE_STANDARD = "gnu++14";
				CLANG_CXX_LIBRARY = "libc++";
				CLANG_ENABLE_MODULES = YES;
				CLANG_ENABLE_OBJC_ARC = YES;
				CLANG_ENABLE_OBJC_WEAK = YES;
				CLANG_WARN_BLOCK_CAPTURE_AUTORELEASING = YES;
				CLANG_WARN_BOOL_CONVERSION = YES;
				CLANG_WARN_COMMA = YES;
				CLANG_WARN_CONSTANT_CONVERSION = YES;
				CLANG_WARN_DEPRECATED_OBJC_IMPLEMENTATIONS = YES;
				CLANG_WARN_DIRECT_OBJC_ISA_USAGE = YES_ERROR;
				CLANG_WARN_DOCUMENTATION_COMMENTS = YES;
				CLANG_WARN_EMPTY_BODY = YES;
				CLANG_WARN_ENUM_CONVERSION = YES;
				CLANG_WARN_INFINITE_RECURSION = YES;
				CLANG_WARN_INT_CONVERSION = YES;
				CLANG_WARN_NON_LITERAL_NULL_CONVERSION = YES;
				CLANG_WARN_OBJC_IMPLICIT_RETAIN_SELF = YES;
				CLANG_WARN_OBJC_LITERAL_CONVERSION = YES;
				CLANG_WARN_OBJC_ROOT_CLASS = YES_ERROR;
				CLANG_WARN_RANGE_LOOP_ANALYSIS = YES;
				CLANG_WARN_STRICT_PROTOTYPES = YES;
				CLANG_WARN_SUSPICIOUS_MOVE = YES;
				CLANG_WARN_UNGUARDED_AVAILABILITY = YES_AGGRESSIVE;
				CLANG_WARN_UNREACHABLE_CODE = YES;
				CLANG_WARN__DUPLICATE_METHOD_MATCH = YES;
				CODE_SIGN_IDENTITY = "iPhone Developer";
				COPY_PHASE_STRIP = NO;
				DEBUG_INFORMATION_FORMAT = "dwarf-with-dsym";
				ENABLE_NS_ASSERTIONS = NO;
				ENABLE_STRICT_OBJC_MSGSEND = YES;
				GCC_C_LANGUAGE_STANDARD = gnu11;
				GCC_NO_COMMON_BLOCKS = YES;
				GCC_WARN_64_TO_32_BIT_CONVERSION = YES;
				GCC_WARN_ABOUT_RETURN_TYPE = YES_ERROR;
				GCC_WARN_UNDECLARED_SELECTOR = YES;
				GCC_WARN_UNINITIALIZED_AUTOS = YES_AGGRESSIVE;
				GCC_WARN_UNUSED_FUNCTION = YES;
				GCC_WARN_UNUSED_VARIABLE = YES;
				IPHONEOS_DEPLOYMENT_TARGET = 11.4;
				MTL_ENABLE_DEBUG_INFO = NO;
				SDKROOT = iphoneos;
				SWIFT_COMPILATION_MODE = wholemodule;
				SWIFT_OPTIMIZATION_LEVEL = "-O";
				VALIDATE_PRODUCT = YES;
			};
			name = Release;
		};
		5209D8A0213C3030008F080B /* Debug */ = {
			isa = XCBuildConfiguration;
			buildSettings = {
				ASSETCATALOG_COMPILER_APPICON_NAME = AppIcon;
				CODE_SIGN_STYLE = Automatic;
				DEVELOPMENT_TEAM = 7YQNE577VJ;
				INFOPLIST_FILE = RecipeSearch/Info.plist;
				LD_RUNPATH_SEARCH_PATHS = (
					"$(inherited)",
					"@executable_path/Frameworks",
				);
				PRODUCT_BUNDLE_IDENTIFIER = com.ziv.RecipeSearch;
				PRODUCT_NAME = "$(TARGET_NAME)";
				SWIFT_VERSION = 4.0;
				TARGETED_DEVICE_FAMILY = "1,2";
			};
			name = Debug;
		};
		5209D8A1213C3030008F080B /* Release */ = {
			isa = XCBuildConfiguration;
			buildSettings = {
				ASSETCATALOG_COMPILER_APPICON_NAME = AppIcon;
				CODE_SIGN_STYLE = Automatic;
				DEVELOPMENT_TEAM = 7YQNE577VJ;
				INFOPLIST_FILE = RecipeSearch/Info.plist;
				LD_RUNPATH_SEARCH_PATHS = (
					"$(inherited)",
					"@executable_path/Frameworks",
				);
				PRODUCT_BUNDLE_IDENTIFIER = com.ziv.RecipeSearch;
				PRODUCT_NAME = "$(TARGET_NAME)";
				SWIFT_VERSION = 4.0;
				TARGETED_DEVICE_FAMILY = "1,2";
			};
			name = Release;
		};
/* End XCBuildConfiguration section */

/* Begin XCConfigurationList section */
		5209D885213C302D008F080B /* Build configuration list for PBXProject "RecipeSearch" */ = {
			isa = XCConfigurationList;
			buildConfigurations = (
				5209D89D213C3030008F080B /* Debug */,
				5209D89E213C3030008F080B /* Release */,
			);
			defaultConfigurationIsVisible = 0;
			defaultConfigurationName = Release;
		};
		5209D89F213C3030008F080B /* Build configuration list for PBXNativeTarget "RecipeSearch" */ = {
			isa = XCConfigurationList;
			buildConfigurations = (
				5209D8A0213C3030008F080B /* Debug */,
				5209D8A1213C3030008F080B /* Release */,
			);
			defaultConfigurationIsVisible = 0;
			defaultConfigurationName = Release;
		};
/* End XCConfigurationList section */

/* Begin XCVersionGroup section */
		5209D894213C302E008F080B /* RecipeSearch.xcdatamodeld */ = {
			isa = XCVersionGroup;
			children = (
				5209D895213C302E008F080B /* RecipeSearch.xcdatamodel */,
			);
			currentVersion = 5209D895213C302E008F080B /* RecipeSearch.xcdatamodel */;
			path = RecipeSearch.xcdatamodeld;
			sourceTree = "<group>";
			versionGroupType = wrapper.xcdatamodel;
		};
/* End XCVersionGroup section */
	};
	rootObject = 5209D882213C302D008F080B /* Project object */;
}
